
Microsoft Visual Studio Solution File, Format Version 12.00
# Visual Studio Version 16
VisualStudioVersion = 16.0.32126.315
MinimumVisualStudioVersion = 10.0.40219.1
Project("{FAE04EC0-301F-11D3-BF4B-00C04F79EFBC}") = "EstudioPabloEjemplo", "EstudioPabloEjemplo\EstudioPabloEjemplo.csproj", "{9FF94B9B-AA78-49C6-937F-58C7F84B6326}"
EndProject
Global
	GlobalSection(SolutionConfigurationPlatforms) = preSolution
		Debug|Any CPU = Debug|Any CPU
		Release|Any CPU = Release|Any CPU
	EndGlobalSection
	GlobalSection(ProjectConfigurationPlatforms) = postSolution
		{9FF94B9B-AA78-49C6-937F-58C7F84B6326}.Debug|Any CPU.ActiveCfg = Debug|Any CPU
		{9FF94B9B-AA78-49C6-937F-58C7F84B6326}.Debug|Any CPU.Build.0 = Debug|Any CPU
		{9FF94B9B-AA78-49C6-937F-58C7F84B6326}.Release|Any CPU.ActiveCfg = Release|Any CPU
		{9FF94B9B-AA78-49C6-937F-58C7F84B6326}.Release|Any CPU.Build.0 = Release|Any CPU
	EndGlobalSection
	GlobalSection(SolutionProperties) = preSolution
		HideSolutionNode = FALSE
	EndGlobalSection
	GlobalSection(ExtensibilityGlobals) = postSolution
		SolutionGuid = {FA7B0F89-494A-42EA-B9B4-8490D2274BC1}
	EndGlobalSection
EndGlobal
